
Microsoft Visual Studio Solution File, Format Version 12.00
# Visual Studio Version 16
VisualStudioVersion = 16.0.31605.320
MinimumVisualStudioVersion = 10.0.40219.1
Project("{FAE04EC0-301F-11D3-BF4B-00C04F79EFBC}") = "AppReconocimientoFacial", "AppReconocimientoFacial\AppReconocimientoFacial.csproj", "{240E177D-3FD8-48C3-AD26-1D701AFD3F36}"
EndProject
Project("{FAE04EC0-301F-11D3-BF4B-00C04F79EFBC}") = "Negocios_DCU", "Negocios_DCU\Negocios_DCU.csproj", "{6576EE1B-1EC6-48E0-B14B-AA23429DF31E}"
EndProject
Project("{FAE04EC0-301F-11D3-BF4B-00C04F79EFBC}") = "Datos", "Datos\Datos.csproj", "{1DEA3771-A31F-4245-901B-8CF4669B1594}"
EndProject
Project("{FAE04EC0-301F-11D3-BF4B-00C04F79EFBC}") = "Prueba2Reconocimiento", "..\..\Prueba2Reconocimiento\Prueba2Reconocimiento\Prueba2Reconocimiento.csproj", "{3AC8F2AC-CD7A-45CD-B0A4-89491FEE6DF5}"
EndProject
Global
	GlobalSection(SolutionConfigurationPlatforms) = preSolution
		Debug|Any CPU = Debug|Any CPU
		Release|Any CPU = Release|Any CPU
	EndGlobalSection
	GlobalSection(ProjectConfigurationPlatforms) = postSolution
		{240E177D-3FD8-48C3-AD26-1D701AFD3F36}.Debug|Any CPU.ActiveCfg = Debug|Any CPU
		{240E177D-3FD8-48C3-AD26-1D701AFD3F36}.Debug|Any CPU.Build.0 = Debug|Any CPU
		{240E177D-3FD8-48C3-AD26-1D701AFD3F36}.Release|Any CPU.ActiveCfg = Release|Any CPU
		{240E177D-3FD8-48C3-AD26-1D701AFD3F36}.Release|Any CPU.Build.0 = Release|Any CPU
		{6576EE1B-1EC6-48E0-B14B-AA23429DF31E}.Debug|Any CPU.ActiveCfg = Debug|Any CPU
		{6576EE1B-1EC6-48E0-B14B-AA23429DF31E}.Debug|Any CPU.Build.0 = Debug|Any CPU
		{6576EE1B-1EC6-48E0-B14B-AA23429DF31E}.Release|Any CPU.ActiveCfg = Release|Any CPU
		{6576EE1B-1EC6-48E0-B14B-AA23429DF31E}.Release|Any CPU.Build.0 = Release|Any CPU
		{1DEA3771-A31F-4245-901B-8CF4669B1594}.Debug|Any CPU.ActiveCfg = Debug|Any CPU
		{1DEA3771-A31F-4245-901B-8CF4669B1594}.Debug|Any CPU.Build.0 = Debug|Any CPU
		{1DEA3771-A31F-4245-901B-8CF4669B1594}.Release|Any CPU.ActiveCfg = Release|Any CPU
		{1DEA3771-A31F-4245-901B-8CF4669B1594}.Release|Any CPU.Build.0 = Release|Any CPU
		{3AC8F2AC-CD7A-45CD-B0A4-89491FEE6DF5}.Debug|Any CPU.ActiveCfg = Debug|Any CPU
		{3AC8F2AC-CD7A-45CD-B0A4-89491FEE6DF5}.Debug|Any CPU.Build.0 = Debug|Any CPU
		{3AC8F2AC-CD7A-45CD-B0A4-89491FEE6DF5}.Release|Any CPU.ActiveCfg = Release|Any CPU
		{3AC8F2AC-CD7A-45CD-B0A4-89491FEE6DF5}.Release|Any CPU.Build.0 = Release|Any CPU
	EndGlobalSection
	GlobalSection(SolutionProperties) = preSolution
		HideSolutionNode = FALSE
	EndGlobalSection
	GlobalSection(ExtensibilityGlobals) = postSolution
		SolutionGuid = {30259FC9-4B80-4EEC-88D0-A21F9D455305}
	EndGlobalSection
EndGlobal
